
Microsoft Visual Studio Solution File, Format Version 12.00
# Visual Studio Version 16
VisualStudioVersion = 16.0.31005.135
MinimumVisualStudioVersion = 10.0.40219.1
Project("{FAE04EC0-301F-11D3-BF4B-00C04F79EFBC}") = "CSharp", "CSharp\CSharp.csproj", "{840E3E35-0368-4209-843D-69E256013222}"
EndProject
Project("{FAE04EC0-301F-11D3-BF4B-00C04F79EFBC}") = "CSharpTests", "CSharpTests\CSharpTests.csproj", "{2371BA4C-437C-4C5B-AC0C-902CE0583267}"
EndProject
Project("{FAE04EC0-301F-11D3-BF4B-00C04F79EFBC}") = "CSharpPuzzleInputGenerator", "CSharpPuzzleInputGenerator\CSharpPuzzleInputGenerator.csproj", "{B9105A8E-9CC2-4717-B240-7E196F5CA1C2}"
EndProject
Project("{FAE04EC0-301F-11D3-BF4B-00C04F79EFBC}") = "SandboxConsoleAppCore", "SandboxConsoleAppCore\SandboxConsoleAppCore.csproj", "{6C85AEE6-C644-4A87-AAB7-9BD6A21EC6F2}"
EndProject
Global
	GlobalSection(SolutionConfigurationPlatforms) = preSolution
		Debug|Any CPU = Debug|Any CPU
		Release|Any CPU = Release|Any CPU
	EndGlobalSection
	GlobalSection(ProjectConfigurationPlatforms) = postSolution
		{840E3E35-0368-4209-843D-69E256013222}.Debug|Any CPU.ActiveCfg = Debug|Any CPU
		{840E3E35-0368-4209-843D-69E256013222}.Debug|Any CPU.Build.0 = Debug|Any CPU
		{840E3E35-0368-4209-843D-69E256013222}.Release|Any CPU.ActiveCfg = Release|Any CPU
		{840E3E35-0368-4209-843D-69E256013222}.Release|Any CPU.Build.0 = Release|Any CPU
		{2371BA4C-437C-4C5B-AC0C-902CE0583267}.Debug|Any CPU.ActiveCfg = Debug|Any CPU
		{2371BA4C-437C-4C5B-AC0C-902CE0583267}.Debug|Any CPU.Build.0 = Debug|Any CPU
		{2371BA4C-437C-4C5B-AC0C-902CE0583267}.Release|Any CPU.ActiveCfg = Release|Any CPU
		{2371BA4C-437C-4C5B-AC0C-902CE0583267}.Release|Any CPU.Build.0 = Release|Any CPU
		{B9105A8E-9CC2-4717-B240-7E196F5CA1C2}.Debug|Any CPU.ActiveCfg = Debug|Any CPU
		{B9105A8E-9CC2-4717-B240-7E196F5CA1C2}.Debug|Any CPU.Build.0 = Debug|Any CPU
		{B9105A8E-9CC2-4717-B240-7E196F5CA1C2}.Release|Any CPU.ActiveCfg = Release|Any CPU
		{B9105A8E-9CC2-4717-B240-7E196F5CA1C2}.Release|Any CPU.Build.0 = Release|Any CPU
		{6C85AEE6-C644-4A87-AAB7-9BD6A21EC6F2}.Debug|Any CPU.ActiveCfg = Debug|Any CPU
		{6C85AEE6-C644-4A87-AAB7-9BD6A21EC6F2}.Debug|Any CPU.Build.0 = Debug|Any CPU
		{6C85AEE6-C644-4A87-AAB7-9BD6A21EC6F2}.Release|Any CPU.ActiveCfg = Release|Any CPU
		{6C85AEE6-C644-4A87-AAB7-9BD6A21EC6F2}.Release|Any CPU.Build.0 = Release|Any CPU
	EndGlobalSection
	GlobalSection(SolutionProperties) = preSolution
		HideSolutionNode = FALSE
	EndGlobalSection
	GlobalSection(ExtensibilityGlobals) = postSolution
		SolutionGuid = {26485515-0D9C-4F09-B1A7-B9E97230E4A7}
	EndGlobalSection
EndGlobal
